
Microsoft Visual Studio Solution File, Format Version 12.00
# Visual Studio Version 16
VisualStudioVersion = 16.0.29424.173
MinimumVisualStudioVersion = 10.0.40219.1
Project("{FAE04EC0-301F-11D3-BF4B-00C04F79EFBC}") = "netcore-vuejs", "netcore-vuejs\netcore-vuejs.csproj", "{05DDC7E0-BCEB-495A-AF91-97DA6F16B634}"
EndProject
Global
	GlobalSection(SolutionConfigurationPlatforms) = preSolution
		Debug|Any CPU = Debug|Any CPU
		Release|Any CPU = Release|Any CPU
	EndGlobalSection
	GlobalSection(ProjectConfigurationPlatforms) = postSolution
		{05DDC7E0-BCEB-495A-AF91-97DA6F16B634}.Debug|Any CPU.ActiveCfg = Debug|Any CPU
		{05DDC7E0-BCEB-495A-AF91-97DA6F16B634}.Debug|Any CPU.Build.0 = Debug|Any CPU
		{05DDC7E0-BCEB-495A-AF91-97DA6F16B634}.Release|Any CPU.ActiveCfg = Release|Any CPU
		{05DDC7E0-BCEB-495A-AF91-97DA6F16B634}.Release|Any CPU.Build.0 = Release|Any CPU
	EndGlobalSection
	GlobalSection(SolutionProperties) = preSolution
		HideSolutionNode = FALSE
	EndGlobalSection
	GlobalSection(ExtensibilityGlobals) = postSolution
		SolutionGuid = {8AFD2E7F-25C7-4B91-83B4-76B1F7FC7B6C}
	EndGlobalSection
EndGlobal
